// !$*UTF8*$!
{
	archiveVersion = 1;
	classes = {
	};
	objectVersion = 46;
	objects = {

/* Begin PBXBuildFile section */
		9B1903A61F5935D600F37C71 /* main.m in Sources */ = {isa = PBXBuildFile; fileRef = 9B1903A51F5935D600F37C71 /* main.m */; };
		9B1903A91F5935D600F37C71 /* AppDelegate.m in Sources */ = {isa = PBXBuildFile; fileRef = 9B1903A81F5935D600F37C71 /* AppDelegate.m */; };
		9B1903AC1F5935D600F37C71 /* ViewController.m in Sources */ = {isa = PBXBuildFile; fileRef = 9B1903AB1F5935D600F37C71 /* ViewController.m */; };
		9B1903AF1F5935D600F37C71 /* Main.storyboard in Resources */ = {isa = PBXBuildFile; fileRef = 9B1903AD1F5935D600F37C71 /* Main.storyboard */; };
		9B1903B21F5935D600F37C71 /* TempleApplication.xcdatamodeld in Sources */ = {isa = PBXBuildFile; fileRef = 9B1903B01F5935D600F37C71 /* TempleApplication.xcdatamodeld */; };
		9B1903B41F5935D600F37C71 /* Assets.xcassets in Resources */ = {isa = PBXBuildFile; fileRef = 9B1903B31F5935D600F37C71 /* Assets.xcassets */; };
		9B1903B71F5935D600F37C71 /* LaunchScreen.storyboard in Resources */ = {isa = PBXBuildFile; fileRef = 9B1903B51F5935D600F37C71 /* LaunchScreen.storyboard */; };
/* End PBXBuildFile section */

/* Begin PBXFileReference section */
		9B1903A11F5935D600F37C71 /* TempleApplication.app */ = {isa = PBXFileReference; explicitFileType = wrapper.application; includeInIndex = 0; path = TempleApplication.app; sourceTree = BUILT_PRODUCTS_DIR; };
		9B1903A51F5935D600F37C71 /* main.m */ = {isa = PBXFileReference; lastKnownFileType = sourcecode.c.objc; path = main.m; sourceTree = "<group>"; };
		9B1903A71F5935D600F37C71 /* AppDelegate.h */ = {isa = PBXFileReference; lastKnownFileType = sourcecode.c.h; path = AppDelegate.h; sourceTree = "<group>"; };
		9B1903A81F5935D600F37C71 /* AppDelegate.m */ = {isa = PBXFileReference; lastKnownFileType = sourcecode.c.objc; path = AppDelegate.m; sourceTree = "<group>"; };
		9B1903AA1F5935D600F37C71 /* ViewController.h */ = {isa = PBXFileReference; lastKnownFileType = sourcecode.c.h; path = ViewController.h; sourceTree = "<group>"; };
		9B1903AB1F5935D600F37C71 /* ViewController.m */ = {isa = PBXFileReference; lastKnownFileType = sourcecode.c.objc; path = ViewController.m; sourceTree = "<group>"; };
		9B1903AE1F5935D600F37C71 /* Base */ = {isa = PBXFileReference; lastKnownFileType = file.storyboard; name = Base; path = Base.lproj/Main.storyboard; sourceTree = "<group>"; };
		9B1903B11F5935D600F37C71 /* TempleApplication.xcdatamodel */ = {isa = PBXFileReference; lastKnownFileType = wrapper.xcdatamodel; path = TempleApplication.xcdatamodel; sourceTree = "<group>"; };
		9B1903B31F5935D600F37C71 /* Assets.xcassets */ = {isa = PBXFileReference; lastKnownFileType = folder.assetcatalog; path = Assets.xcassets; sourceTree = "<group>"; };
		9B1903B61F5935D600F37C71 /* Base */ = {isa = PBXFileReference; lastKnownFileType = file.storyboard; name = Base; path = Base.lproj/LaunchScreen.storyboard; sourceTree = "<group>"; };
		9B1903B81F5935D600F37C71 /* Info.plist */ = {isa = PBXFileReference; lastKnownFileType = text.plist.xml; path = Info.plist; sourceTree = "<group>"; };
/* End PBXFileReference section */

/* Begin PBXFrameworksBuildPhase section */
		9B19039E1F5935D600F37C71 /* Frameworks */ = {
			isa = PBXFrameworksBuildPhase;
			buildActionMask = 2147483647;
			files = (
			);
			runOnlyForDeploymentPostprocessing = 0;
		};
/* End PBXFrameworksBuildPhase section */

/* Begin PBXGroup section */
		9B1903981F5935D600F37C71 = {
			isa = PBXGroup;
			children = (
				9B1903A31F5935D600F37C71 /* TempleApplication */,
				9B1903A21F5935D600F37C71 /* Products */,
			);
			sourceTree = "<group>";
		};
		9B1903A21F5935D600F37C71 /* Products */ = {
			isa = PBXGroup;
			children = (
				9B1903A11F5935D600F37C71 /* TempleApplication.app */,
			);
			name = Products;
			sourceTree = "<group>";
		};
		9B1903A31F5935D600F37C71 /* TempleApplication */ = {
			isa = PBXGroup;
			children = (
				9B1903A71F5935D600F37C71 /* AppDelegate.h */,
				9B1903A81F5935D600F37C71 /* AppDelegate.m */,
				9B1903AA1F5935D600F37C71 /* ViewController.h */,
				9B1903AB1F5935D600F37C71 /* ViewController.m */,
				9B1903AD1F5935D600F37C71 /* Main.storyboard */,
				9B1903B31F5935D600F37C71 /* Assets.xcassets */,
				9B1903B51F5935D600F37C71 /* LaunchScreen.storyboard */,
				9B1903B81F5935D600F37C71 /* Info.plist */,
				9B1903B01F5935D600F37C71 /* TempleApplication.xcdatamodeld */,
				9B1903A41F5935D600F37C71 /* Supporting Files */,
			);
			path = TempleApplication;
			sourceTree = "<group>";
		};
		9B1903A41F5935D600F37C71 /* Supporting Files */ = {
			isa = PBXGroup;
			children = (
				9B1903A51F5935D600F37C71 /* main.m */,
			);
			name = "Supporting Files";
			sourceTree = "<group>";
		};
/* End PBXGroup section */

/* Begin PBXNativeTarget section */
		9B1903A01F5935D600F37C71 /* TempleApplication */ = {
			isa = PBXNativeTarget;
			buildConfigurationList = 9B1903BB1F5935D600F37C71 /* Build configuration list for PBXNativeTarget "TempleApplication" */;
			buildPhases = (
				9B19039D1F5935D600F37C71 /* Sources */,
				9B19039E1F5935D600F37C71 /* Frameworks */,
				9B19039F1F5935D600F37C71 /* Resources */,
			);
			buildRules = (
			);
			dependencies = (
			);
			name = TempleApplication;
			productName = TempleApplication;
			productReference = 9B1903A11F5935D600F37C71 /* TempleApplication.app */;
			productType = "com.apple.product-type.application";
		};
/* End PBXNativeTarget section */

/* Begin PBXProject section */
		9B1903991F5935D600F37C71 /* Project object */ = {
			isa = PBXProject;
			attributes = {
				LastUpgradeCheck = 0830;
				ORGANIZATIONNAME = "Siya-ios5";
				TargetAttributes = {
					9B1903A01F5935D600F37C71 = {
						CreatedOnToolsVersion = 8.3.2;
						ProvisioningStyle = Automatic;
					};
				};
			};
			buildConfigurationList = 9B19039C1F5935D600F37C71 /* Build configuration list for PBXProject "TempleApplication" */;
			compatibilityVersion = "Xcode 3.2";
			developmentRegion = English;
			hasScannedForEncodings = 0;
			knownRegions = (
				en,
				Base,
			);
			mainGroup = 9B1903981F5935D600F37C71;
			productRefGroup = 9B1903A21F5935D600F37C71 /* Products */;
			projectDirPath = "";
			projectRoot = "";
			targets = (
				9B1903A01F5935D600F37C71 /* TempleApplication */,
			);
		};
/* End PBXProject section */

/* Begin PBXResourcesBuildPhase section */
		9B19039F1F5935D600F37C71 /* Resources */ = {
			isa = PBXResourcesBuildPhase;
			buildActionMask = 2147483647;
			files = (
				9B1903B71F5935D600F37C71 /* LaunchScreen.storyboard in Resources */,
				9B1903B41F5935D600F37C71 /* Assets.xcassets in Resources */,
				9B1903AF1F5935D600F37C71 /* Main.storyboard in Resources */,
			);
			runOnlyForDeploymentPostprocessing = 0;
		};
/* End PBXResourcesBuildPhase section */

/* Begin PBXSourcesBuildPhase section */
		9B19039D1F5935D600F37C71 /* Sources */ = {
			isa = PBXSourcesBuildPhase;
			buildActionMask = 2147483647;
			files = (
				9B1903AC1F5935D600F37C71 /* ViewController.m in Sources */,
				9B1903B21F5935D600F37C71 /* TempleApplication.xcdatamodeld in Sources */,
				9B1903A91F5935D600F37C71 /* AppDelegate.m in Sources */,
				9B1903A61F5935D600F37C71 /* main.m in Sources */,
			);
			runOnlyForDeploymentPostprocessing = 0;
		};
/* End PBXSourcesBuildPhase section */

/* Begin PBXVariantGroup section */
		9B1903AD1F5935D600F37C71 /* Main.storyboard */ = {
			isa = PBXVariantGroup;
			children = (
				9B1903AE1F5935D600F37C71 /* Base */,
			);
			name = Main.storyboard;
			sourceTree = "<group>";
		};
		9B1903B51F5935D600F37C71 /* LaunchScreen.storyboard */ = {
			isa = PBXVariantGroup;
			children = (
				9B1903B61F5935D600F37C71 /* Base */,
			);
			name = LaunchScreen.storyboard;
			sourceTree = "<group>";
		};
/* End PBXVariantGroup section */

/* Begin XCBuildConfiguration section */
		9B1903B91F5935D600F37C71 /* Debug */ = {
			isa = XCBuildConfiguration;
			buildSettings = {
				ALWAYS_SEARCH_USER_PATHS = NO;
				CLANG_ANALYZER_NONNULL = YES;
				CLANG_ANALYZER_NUMBER_OBJECT_CONVERSION = YES_AGGRESSIVE;
				CLANG_CXX_LANGUAGE_STANDARD = "gnu++0x";
				CLANG_CXX_LIBRARY = "libc++";
				CLANG_ENABLE_MODULES = YES;
				CLANG_ENABLE_OBJC_ARC = YES;
				CLANG_WARN_BOOL_CONVERSION = YES;
				CLANG_WARN_CONSTANT_CONVERSION = YES;
				CLANG_WARN_DIRECT_OBJC_ISA_USAGE = YES_ERROR;
				CLANG_WARN_DOCUMENTATION_COMMENTS = YES;
				CLANG_WARN_EMPTY_BODY = YES;
				CLANG_WARN_ENUM_CONVERSION = YES;
				CLANG_WARN_INFINITE_RECURSION = YES;
				CLANG_WARN_INT_CONVERSION = YES;
				CLANG_WARN_OBJC_ROOT_CLASS = YES_ERROR;
				CLANG_WARN_SUSPICIOUS_MOVE = YES;
				CLANG_WARN_UNREACHABLE_CODE = YES;
				CLANG_WARN__DUPLICATE_METHOD_MATCH = YES;
				"CODE_SIGN_IDENTITY[sdk=iphoneos*]" = "iPhone Developer";
				COPY_PHASE_STRIP = NO;
				DEBUG_INFORMATION_FORMAT = dwarf;
				ENABLE_STRICT_OBJC_MSGSEND = YES;
				ENABLE_TESTABILITY = YES;
				GCC_C_LANGUAGE_STANDARD = gnu99;
				GCC_DYNAMIC_NO_PIC = NO;
				GCC_NO_COMMON_BLOCKS = YES;
				GCC_OPTIMIZATION_LEVEL = 0;
				GCC_PREPROCESSOR_DEFINITIONS = (
					"DEBUG=1",
					"$(inherited)",
				);
				GCC_WARN_64_TO_32_BIT_CONVERSION = YES;
				GCC_WARN_ABOUT_RETURN_TYPE = YES_ERROR;
				GCC_WARN_UNDECLARED_SELECTOR = YES;
				GCC_WARN_UNINITIALIZED_AUTOS = YES_AGGRESSIVE;
				GCC_WARN_UNUSED_FUNCTION = YES;
				GCC_WARN_UNUSED_VARIABLE = YES;
				IPHONEOS_DEPLOYMENT_TARGET = 10.3;
				MTL_ENABLE_DEBUG_INFO = YES;
				ONLY_ACTIVE_ARCH = YES;
				SDKROOT = iphoneos;
				TARGETED_DEVICE_FAMILY = "1,2";
			};
			name = Debug;
		};
		9B1903BA1F5935D600F37C71 /* Release */ = {
			isa = XCBuildConfiguration;
			buildSettings = {
				ALWAYS_SEARCH_USER_PATHS = NO;
				CLANG_ANALYZER_NONNULL = YES;
				CLANG_ANALYZER_NUMBER_OBJECT_CONVERSION = YES_AGGRESSIVE;
				CLANG_CXX_LANGUAGE_STANDARD = "gnu++0x";
				CLANG_CXX_LIBRARY = "libc++";
				CLANG_ENABLE_MODULES = YES;
				CLANG_ENABLE_OBJC_ARC = YES;
				CLANG_WARN_BOOL_CONVERSION = YES;
				CLANG_WARN_CONSTANT_CONVERSION = YES;
				CLANG_WARN_DIRECT_OBJC_ISA_USAGE = YES_ERROR;
				CLANG_WARN_DOCUMENTATION_COMMENTS = YES;
				CLANG_WARN_EMPTY_BODY = YES;
				CLANG_WARN_ENUM_CONVERSION = YES;
				CLANG_WARN_INFINITE_RECURSION = YES;
				CLANG_WARN_INT_CONVERSION = YES;
				CLANG_WARN_OBJC_ROOT_CLASS = YES_ERROR;
				CLANG_WARN_SUSPICIOUS_MOVE = YES;
				CLANG_WARN_UNREACHABLE_CODE = YES;
				CLANG_WARN__DUPLICATE_METHOD_MATCH = YES;
				"CODE_SIGN_IDENTITY[sdk=iphoneos*]" = "iPhone Developer";
				COPY_PHASE_STRIP = NO;
				DEBUG_INFORMATION_FORMAT = "dwarf-with-dsym";
				ENABLE_NS_ASSERTIONS = NO;
				ENABLE_STRICT_OBJC_MSGSEND = YES;
				GCC_C_LANGUAGE_STANDARD = gnu99;
				GCC_NO_COMMON_BLOCKS = YES;
				GCC_WARN_64_TO_32_BIT_CONVERSION = YES;
				GCC_WARN_ABOUT_RETURN_TYPE = YES_ERROR;
				GCC_WARN_UNDECLARED_SELECTOR = YES;
				GCC_WARN_UNINITIALIZED_AUTOS = YES_AGGRESSIVE;
				GCC_WARN_UNUSED_FUNCTION = YES;
				GCC_WARN_UNUSED_VARIABLE = YES;
				IPHONEOS_DEPLOYMENT_TARGET = 10.3;
				MTL_ENABLE_DEBUG_INFO = NO;
				SDKROOT = iphoneos;
				TARGETED_DEVICE_FAMILY = "1,2";
				VALIDATE_PRODUCT = YES;
			};
			name = Release;
		};
		9B1903BC1F5935D600F37C71 /* Debug */ = {
			isa = XCBuildConfiguration;
			buildSettings = {
				ASSETCATALOG_COMPILER_APPICON_NAME = AppIcon;
				INFOPLIST_FILE = TempleApplication/Info.plist;
				LD_RUNPATH_SEARCH_PATHS = "$(inherited) @executable_path/Frameworks";
				PRODUCT_BUNDLE_IDENTIFIER = com.Localization.TempleApplication;
				PRODUCT_NAME = "$(TARGET_NAME)";
			};
			name = Debug;
		};
		9B1903BD1F5935D600F37C71 /* Release */ = {
			isa = XCBuildConfiguration;
			buildSettings = {
				ASSETCATALOG_COMPILER_APPICON_NAME = AppIcon;
				INFOPLIST_FILE = TempleApplication/Info.plist;
				LD_RUNPATH_SEARCH_PATHS = "$(inherited) @executable_path/Frameworks";
				PRODUCT_BUNDLE_IDENTIFIER = com.Localization.TempleApplication;
				PRODUCT_NAME = "$(TARGET_NAME)";
			};
			name = Release;
		};
/* End XCBuildConfiguration section */

/* Begin XCConfigurationList section */
		9B19039C1F5935D600F37C71 /* Build configuration list for PBXProject "TempleApplication" */ = {
			isa = XCConfigurationList;
			buildConfigurations = (
				9B1903B91F5935D600F37C71 /* Debug */,
				9B1903BA1F5935D600F37C71 /* Release */,
			);
			defaultConfigurationIsVisible = 0;
			defaultConfigurationName = Release;
		};
		9B1903BB1F5935D600F37C71 /* Build configuration list for PBXNativeTarget "TempleApplication" */ = {
			isa = XCConfigurationList;
			buildConfigurations = (
				9B1903BC1F5935D600F37C71 /* Debug */,
				9B1903BD1F5935D600F37C71 /* Release */,
			);
			defaultConfigurationIsVisible = 0;
		};
/* End XCConfigurationList section */

/* Begin XCVersionGroup section */
		9B1903B01F5935D600F37C71 /* TempleApplication.xcdatamodeld */ = {
			isa = XCVersionGroup;
			children = (
				9B1903B11F5935D600F37C71 /* TempleApplication.xcdatamodel */,
			);
			currentVersion = 9B1903B11F5935D600F37C71 /* TempleApplication.xcdatamodel */;
			path = TempleApplication.xcdatamodeld;
			sourceTree = "<group>";
			versionGroupType = wrapper.xcdatamodel;
		};
/* End XCVersionGroup section */
	};
	rootObject = 9B1903991F5935D600F37C71 /* Project object */;
}
